
Microsoft Visual Studio Solution File, Format Version 12.00
# Visual Studio Version 16
VisualStudioVersion = 16.0.30114.105
MinimumVisualStudioVersion = 10.0.40219.1
Project("{FAE04EC0-301F-11D3-BF4B-00C04F79EFBC}") = "jewel-collector", "jewel-collector\jewel-collector.csproj", "{259E822F-E571-4FCD-B5C2-B04A4F0F6D1D}"
EndProject
Global
	GlobalSection(SolutionConfigurationPlatforms) = preSolution
		Debug|Any CPU = Debug|Any CPU
		Release|Any CPU = Release|Any CPU
	EndGlobalSection
	GlobalSection(SolutionProperties) = preSolution
		HideSolutionNode = FALSE
	EndGlobalSection
	GlobalSection(ProjectConfigurationPlatforms) = postSolution
		{8316B5DB-2C78-45C1-B66D-B5FA02BB8AB9}.Debug|Any CPU.ActiveCfg = Debug|Any CPU
		{8316B5DB-2C78-45C1-B66D-B5FA02BB8AB9}.Debug|Any CPU.Build.0 = Debug|Any CPU
		{8316B5DB-2C78-45C1-B66D-B5FA02BB8AB9}.Release|Any CPU.ActiveCfg = Release|Any CPU
		{8316B5DB-2C78-45C1-B66D-B5FA02BB8AB9}.Release|Any CPU.Build.0 = Release|Any CPU
		{259E822F-E571-4FCD-B5C2-B04A4F0F6D1D}.Debug|Any CPU.ActiveCfg = Debug|Any CPU
		{259E822F-E571-4FCD-B5C2-B04A4F0F6D1D}.Debug|Any CPU.Build.0 = Debug|Any CPU
		{259E822F-E571-4FCD-B5C2-B04A4F0F6D1D}.Release|Any CPU.ActiveCfg = Release|Any CPU
		{259E822F-E571-4FCD-B5C2-B04A4F0F6D1D}.Release|Any CPU.Build.0 = Release|Any CPU
	EndGlobalSection
EndGlobal
